
Microsoft Visual Studio Solution File, Format Version 12.00
# Visual Studio Version 17
VisualStudioVersion = 17.0.31903.59
MinimumVisualStudioVersion = 10.0.40219.1
Project("{FAE04EC0-301F-11D3-BF4B-00C04F79EFBC}") = "Persistencia", "Persistencia\Persistencia.csproj", "{6A3EDCFA-57D1-4DAA-B366-2C0E298D74CA}"
EndProject
Project("{FAE04EC0-301F-11D3-BF4B-00C04F79EFBC}") = "Dominio", "Dominio\Dominio.csproj", "{40FBB2EA-14AF-44FF-ACCB-021F39BD43CA}"
EndProject
Project("{FAE04EC0-301F-11D3-BF4B-00C04F79EFBC}") = "Aplicacion", "Aplicacion\Aplicacion.csproj", "{19F4EAF5-A00F-4AE7-836E-DC45AD934FC3}"
EndProject
Project("{FAE04EC0-301F-11D3-BF4B-00C04F79EFBC}") = "apiPrueba", "apiPrueba\apiPrueba.csproj", "{4BD9D8CE-4315-4DFA-9C1C-B45E9F8A3BA6}"
EndProject
Project("{FAE04EC0-301F-11D3-BF4B-00C04F79EFBC}") = "Seguridad", "Seguridad\Seguridad.csproj", "{32C11CA4-6497-4057-87AB-E9AF6528E7E7}"
EndProject
Global
	GlobalSection(SolutionConfigurationPlatforms) = preSolution
		Debug|Any CPU = Debug|Any CPU
		Release|Any CPU = Release|Any CPU
	EndGlobalSection
	GlobalSection(SolutionProperties) = preSolution
		HideSolutionNode = FALSE
	EndGlobalSection
	GlobalSection(ProjectConfigurationPlatforms) = postSolution
		{6A3EDCFA-57D1-4DAA-B366-2C0E298D74CA}.Debug|Any CPU.ActiveCfg = Debug|Any CPU
		{6A3EDCFA-57D1-4DAA-B366-2C0E298D74CA}.Debug|Any CPU.Build.0 = Debug|Any CPU
		{6A3EDCFA-57D1-4DAA-B366-2C0E298D74CA}.Release|Any CPU.ActiveCfg = Release|Any CPU
		{6A3EDCFA-57D1-4DAA-B366-2C0E298D74CA}.Release|Any CPU.Build.0 = Release|Any CPU
		{40FBB2EA-14AF-44FF-ACCB-021F39BD43CA}.Debug|Any CPU.ActiveCfg = Debug|Any CPU
		{40FBB2EA-14AF-44FF-ACCB-021F39BD43CA}.Debug|Any CPU.Build.0 = Debug|Any CPU
		{40FBB2EA-14AF-44FF-ACCB-021F39BD43CA}.Release|Any CPU.ActiveCfg = Release|Any CPU
		{40FBB2EA-14AF-44FF-ACCB-021F39BD43CA}.Release|Any CPU.Build.0 = Release|Any CPU
		{19F4EAF5-A00F-4AE7-836E-DC45AD934FC3}.Debug|Any CPU.ActiveCfg = Debug|Any CPU
		{19F4EAF5-A00F-4AE7-836E-DC45AD934FC3}.Debug|Any CPU.Build.0 = Debug|Any CPU
		{19F4EAF5-A00F-4AE7-836E-DC45AD934FC3}.Release|Any CPU.ActiveCfg = Release|Any CPU
		{19F4EAF5-A00F-4AE7-836E-DC45AD934FC3}.Release|Any CPU.Build.0 = Release|Any CPU
		{4BD9D8CE-4315-4DFA-9C1C-B45E9F8A3BA6}.Debug|Any CPU.ActiveCfg = Debug|Any CPU
		{4BD9D8CE-4315-4DFA-9C1C-B45E9F8A3BA6}.Debug|Any CPU.Build.0 = Debug|Any CPU
		{4BD9D8CE-4315-4DFA-9C1C-B45E9F8A3BA6}.Release|Any CPU.ActiveCfg = Release|Any CPU
		{4BD9D8CE-4315-4DFA-9C1C-B45E9F8A3BA6}.Release|Any CPU.Build.0 = Release|Any CPU
		{32C11CA4-6497-4057-87AB-E9AF6528E7E7}.Debug|Any CPU.ActiveCfg = Debug|Any CPU
		{32C11CA4-6497-4057-87AB-E9AF6528E7E7}.Debug|Any CPU.Build.0 = Debug|Any CPU
		{32C11CA4-6497-4057-87AB-E9AF6528E7E7}.Release|Any CPU.ActiveCfg = Release|Any CPU
		{32C11CA4-6497-4057-87AB-E9AF6528E7E7}.Release|Any CPU.Build.0 = Release|Any CPU
	EndGlobalSection
EndGlobal
